
Microsoft Visual Studio Solution File, Format Version 12.00
# Visual Studio Version 16
VisualStudioVersion = 16.0.33328.57
MinimumVisualStudioVersion = 10.0.40219.1
Project("{FAE04EC0-301F-11D3-BF4B-00C04F79EFBC}") = "S7CommPlusDriver", "S7CommPlusDriver\S7CommPlusDriver.csproj", "{781951D8-80DE-4E2F-92CA-A5FEF0059415}"
EndProject
Project("{FAE04EC0-301F-11D3-BF4B-00C04F79EFBC}") = "DriverTest", "DriverTest\DriverTest.csproj", "{94755B6A-7E0D-40F9-A2ED-48FF0C0FEA2B}"
EndProject
Project("{FAE04EC0-301F-11D3-BF4B-00C04F79EFBC}") = "S7CommPlusGUIBrowser", "S7CommPlusGUIBrowser\S7CommPlusGUIBrowser.csproj", "{BEB37276-B3B3-4DEE-A1EA-D95EB774223B}"
EndProject
Project("{FAE04EC0-301F-11D3-BF4B-00C04F79EFBC}") = "Zlib.net", "Zlib.net\Zlib.net.csproj", "{0C89B7A2-A218-49E4-B545-5B044A45F977}"
EndProject
Global
	GlobalSection(SolutionConfigurationPlatforms) = preSolution
		Debug|Any CPU = Debug|Any CPU
		Debug|x64 = Debug|x64
		Debug|x86 = Debug|x86
		Release|Any CPU = Release|Any CPU
		Release|x64 = Release|x64
		Release|x86 = Release|x86
	EndGlobalSection
	GlobalSection(ProjectConfigurationPlatforms) = postSolution
		{781951D8-80DE-4E2F-92CA-A5FEF0059415}.Debug|Any CPU.ActiveCfg = Debug|x86
		{781951D8-80DE-4E2F-92CA-A5FEF0059415}.Debug|x64.ActiveCfg = Debug|x64
		{781951D8-80DE-4E2F-92CA-A5FEF0059415}.Debug|x64.Build.0 = Debug|x64
		{781951D8-80DE-4E2F-92CA-A5FEF0059415}.Debug|x86.ActiveCfg = Debug|x86
		{781951D8-80DE-4E2F-92CA-A5FEF0059415}.Debug|x86.Build.0 = Debug|x86
		{781951D8-80DE-4E2F-92CA-A5FEF0059415}.Release|Any CPU.ActiveCfg = Release|x86
		{781951D8-80DE-4E2F-92CA-A5FEF0059415}.Release|x64.ActiveCfg = Release|x64
		{781951D8-80DE-4E2F-92CA-A5FEF0059415}.Release|x64.Build.0 = Release|x64
		{781951D8-80DE-4E2F-92CA-A5FEF0059415}.Release|x86.ActiveCfg = Release|x86
		{781951D8-80DE-4E2F-92CA-A5FEF0059415}.Release|x86.Build.0 = Release|x86
		{94755B6A-7E0D-40F9-A2ED-48FF0C0FEA2B}.Debug|Any CPU.ActiveCfg = Debug|x86
		{94755B6A-7E0D-40F9-A2ED-48FF0C0FEA2B}.Debug|x64.ActiveCfg = Debug|x64
		{94755B6A-7E0D-40F9-A2ED-48FF0C0FEA2B}.Debug|x64.Build.0 = Debug|x64
		{94755B6A-7E0D-40F9-A2ED-48FF0C0FEA2B}.Debug|x86.ActiveCfg = Debug|x86
		{94755B6A-7E0D-40F9-A2ED-48FF0C0FEA2B}.Debug|x86.Build.0 = Debug|x86
		{94755B6A-7E0D-40F9-A2ED-48FF0C0FEA2B}.Release|Any CPU.ActiveCfg = Release|x86
		{94755B6A-7E0D-40F9-A2ED-48FF0C0FEA2B}.Release|x64.ActiveCfg = Release|x64
		{94755B6A-7E0D-40F9-A2ED-48FF0C0FEA2B}.Release|x64.Build.0 = Release|x64
		{94755B6A-7E0D-40F9-A2ED-48FF0C0FEA2B}.Release|x86.ActiveCfg = Release|x86
		{94755B6A-7E0D-40F9-A2ED-48FF0C0FEA2B}.Release|x86.Build.0 = Release|x86
		{BEB37276-B3B3-4DEE-A1EA-D95EB774223B}.Debug|Any CPU.ActiveCfg = Debug|x86
		{BEB37276-B3B3-4DEE-A1EA-D95EB774223B}.Debug|x64.ActiveCfg = Debug|x64
		{BEB37276-B3B3-4DEE-A1EA-D95EB774223B}.Debug|x64.Build.0 = Debug|x64
		{BEB37276-B3B3-4DEE-A1EA-D95EB774223B}.Debug|x86.ActiveCfg = Debug|x86
		{BEB37276-B3B3-4DEE-A1EA-D95EB774223B}.Debug|x86.Build.0 = Debug|x86
		{BEB37276-B3B3-4DEE-A1EA-D95EB774223B}.Release|Any CPU.ActiveCfg = Release|x86
		{BEB37276-B3B3-4DEE-A1EA-D95EB774223B}.Release|x64.ActiveCfg = Release|x64
		{BEB37276-B3B3-4DEE-A1EA-D95EB774223B}.Release|x64.Build.0 = Release|x64
		{BEB37276-B3B3-4DEE-A1EA-D95EB774223B}.Release|x86.ActiveCfg = Release|x86
		{BEB37276-B3B3-4DEE-A1EA-D95EB774223B}.Release|x86.Build.0 = Release|x86
		{0C89B7A2-A218-49E4-B545-5B044A45F977}.Debug|Any CPU.ActiveCfg = Debug|x86
		{0C89B7A2-A218-49E4-B545-5B044A45F977}.Debug|x64.ActiveCfg = Debug|x64
		{0C89B7A2-A218-49E4-B545-5B044A45F977}.Debug|x64.Build.0 = Debug|x64
		{0C89B7A2-A218-49E4-B545-5B044A45F977}.Debug|x86.ActiveCfg = Debug|x86
		{0C89B7A2-A218-49E4-B545-5B044A45F977}.Debug|x86.Build.0 = Debug|x86
		{0C89B7A2-A218-49E4-B545-5B044A45F977}.Release|Any CPU.ActiveCfg = Release|x86
		{0C89B7A2-A218-49E4-B545-5B044A45F977}.Release|x64.ActiveCfg = Release|x64
		{0C89B7A2-A218-49E4-B545-5B044A45F977}.Release|x64.Build.0 = Release|x64
		{0C89B7A2-A218-49E4-B545-5B044A45F977}.Release|x86.ActiveCfg = Release|x86
		{0C89B7A2-A218-49E4-B545-5B044A45F977}.Release|x86.Build.0 = Release|x86
	EndGlobalSection
	GlobalSection(SolutionProperties) = preSolution
		HideSolutionNode = FALSE
	EndGlobalSection
	GlobalSection(ExtensibilityGlobals) = postSolution
		SolutionGuid = {641BA78D-D608-4377-9F99-E4C1029EFA0B}
	EndGlobalSection
EndGlobal
